
Microsoft Visual Studio Solution File, Format Version 12.00
# Visual Studio Version 16
VisualStudioVersion = 16.0.30225.117
MinimumVisualStudioVersion = 10.0.40219.1
Project("{9A19103F-16F7-4668-BE54-9A1E7A4F7556}") = "ConsoleApp-NetCore", "ConsoleApp-NetCore\ConsoleApp-NetCore.csproj", "{5483BBD3-D57E-4083-9971-862D05784528}"
EndProject
Project("{2150E333-8FDC-42A3-9474-1A3956D46DE8}") = "Solution Items", "Solution Items", "{CDABBAD9-1653-4E46-B3BA-9F353BC195FF}"
	ProjectSection(SolutionItems) = preProject
		README.MD = README.MD
	EndProjectSection
EndProject
Project("{FAE04EC0-301F-11D3-BF4B-00C04F79EFBC}") = "ConsoleApp-NetFramework", "ConsoleApp-NetFramework\ConsoleApp-NetFramework.csproj", "{05C530D6-571C-4EC8-A7FA-A4D99442B60E}"
EndProject
Global
	GlobalSection(SolutionConfigurationPlatforms) = preSolution
		Debug|Any CPU = Debug|Any CPU
		Release|Any CPU = Release|Any CPU
	EndGlobalSection
	GlobalSection(ProjectConfigurationPlatforms) = postSolution
		{5483BBD3-D57E-4083-9971-862D05784528}.Debug|Any CPU.ActiveCfg = Debug|Any CPU
		{5483BBD3-D57E-4083-9971-862D05784528}.Debug|Any CPU.Build.0 = Debug|Any CPU
		{5483BBD3-D57E-4083-9971-862D05784528}.Release|Any CPU.ActiveCfg = Release|Any CPU
		{5483BBD3-D57E-4083-9971-862D05784528}.Release|Any CPU.Build.0 = Release|Any CPU
		{05C530D6-571C-4EC8-A7FA-A4D99442B60E}.Debug|Any CPU.ActiveCfg = Debug|Any CPU
		{05C530D6-571C-4EC8-A7FA-A4D99442B60E}.Debug|Any CPU.Build.0 = Debug|Any CPU
		{05C530D6-571C-4EC8-A7FA-A4D99442B60E}.Release|Any CPU.ActiveCfg = Release|Any CPU
		{05C530D6-571C-4EC8-A7FA-A4D99442B60E}.Release|Any CPU.Build.0 = Release|Any CPU
	EndGlobalSection
	GlobalSection(SolutionProperties) = preSolution
		HideSolutionNode = FALSE
	EndGlobalSection
	GlobalSection(ExtensibilityGlobals) = postSolution
		SolutionGuid = {C1DD6C34-2AB0-45CA-A1DC-CA1D6EC9FC1D}
	EndGlobalSection
EndGlobal
